
Microsoft Visual Studio Solution File, Format Version 12.00
# Visual Studio 14
VisualStudioVersion = 14.0.25420.1
MinimumVisualStudioVersion = 10.0.40219.1
Project("{FAE04EC0-301F-11D3-BF4B-00C04F79EFBC}") = "Baskets", "Baskets\Baskets.csproj", "{DD772C90-CE64-4E05-9E50-6A880DD8A2C1}"
EndProject
Project("{FAE04EC0-301F-11D3-BF4B-00C04F79EFBC}") = "Baskets.Common", "Baskets.Common\Baskets.Common.csproj", "{02B5D365-D348-4791-9C39-8C02D9E01BA3}"
EndProject
Project("{FAE04EC0-301F-11D3-BF4B-00C04F79EFBC}") = "Baskets.Repository", "Baskets.Repository\Baskets.Repository.csproj", "{23AE8150-14BC-481E-955A-AB545100D051}"
EndProject
Project("{FAE04EC0-301F-11D3-BF4B-00C04F79EFBC}") = "Baskets.Tests", "Baskets.Tests\Baskets.Tests.csproj", "{CFE5562F-D09A-4148-9F67-7986E34D7DA7}"
EndProject
Global
	GlobalSection(SolutionConfigurationPlatforms) = preSolution
		Debug|Any CPU = Debug|Any CPU
		Release|Any CPU = Release|Any CPU
	EndGlobalSection
	GlobalSection(ProjectConfigurationPlatforms) = postSolution
		{DD772C90-CE64-4E05-9E50-6A880DD8A2C1}.Debug|Any CPU.ActiveCfg = Debug|Any CPU
		{DD772C90-CE64-4E05-9E50-6A880DD8A2C1}.Debug|Any CPU.Build.0 = Debug|Any CPU
		{DD772C90-CE64-4E05-9E50-6A880DD8A2C1}.Release|Any CPU.ActiveCfg = Release|Any CPU
		{DD772C90-CE64-4E05-9E50-6A880DD8A2C1}.Release|Any CPU.Build.0 = Release|Any CPU
		{02B5D365-D348-4791-9C39-8C02D9E01BA3}.Debug|Any CPU.ActiveCfg = Debug|Any CPU
		{02B5D365-D348-4791-9C39-8C02D9E01BA3}.Debug|Any CPU.Build.0 = Debug|Any CPU
		{02B5D365-D348-4791-9C39-8C02D9E01BA3}.Release|Any CPU.ActiveCfg = Release|Any CPU
		{02B5D365-D348-4791-9C39-8C02D9E01BA3}.Release|Any CPU.Build.0 = Release|Any CPU
		{23AE8150-14BC-481E-955A-AB545100D051}.Debug|Any CPU.ActiveCfg = Debug|Any CPU
		{23AE8150-14BC-481E-955A-AB545100D051}.Debug|Any CPU.Build.0 = Debug|Any CPU
		{23AE8150-14BC-481E-955A-AB545100D051}.Release|Any CPU.ActiveCfg = Release|Any CPU
		{23AE8150-14BC-481E-955A-AB545100D051}.Release|Any CPU.Build.0 = Release|Any CPU
		{CFE5562F-D09A-4148-9F67-7986E34D7DA7}.Debug|Any CPU.ActiveCfg = Debug|Any CPU
		{CFE5562F-D09A-4148-9F67-7986E34D7DA7}.Debug|Any CPU.Build.0 = Debug|Any CPU
		{CFE5562F-D09A-4148-9F67-7986E34D7DA7}.Release|Any CPU.ActiveCfg = Release|Any CPU
		{CFE5562F-D09A-4148-9F67-7986E34D7DA7}.Release|Any CPU.Build.0 = Release|Any CPU
	EndGlobalSection
	GlobalSection(SolutionProperties) = preSolution
		HideSolutionNode = FALSE
	EndGlobalSection
EndGlobal
